
Microsoft Visual Studio Solution File, Format Version 12.00
# Visual Studio Version 17
VisualStudioVersion = 17.0.32112.339
MinimumVisualStudioVersion = 10.0.40219.1
Project("{FAE04EC0-301F-11D3-BF4B-00C04F79EFBC}") = "MindboxTestPichuginDLL", "MindboxTestPichuginDLL\MindboxTestPichuginDLL.csproj", "{D7DE91B9-CE15-4AC4-A79A-20830C23A936}"
EndProject
Project("{FAE04EC0-301F-11D3-BF4B-00C04F79EFBC}") = "MindboxTestPichuginUnitTest", "MindboxTestPichuginUnitTest\MindboxTestPichuginUnitTest.csproj", "{8FB0CA47-3C22-4591-B7AA-605C72A3725C}"
EndProject
Project("{FAE04EC0-301F-11D3-BF4B-00C04F79EFBC}") = "MindboxTestPichuginApp", "MindboxTestPichuginApp\MindboxTestPichuginApp.csproj", "{8C6266ED-DA7F-45A1-9B14-EF6109B2DDF7}"
EndProject
Global
	GlobalSection(SolutionConfigurationPlatforms) = preSolution
		Debug|Any CPU = Debug|Any CPU
		Release|Any CPU = Release|Any CPU
	EndGlobalSection
	GlobalSection(ProjectConfigurationPlatforms) = postSolution
		{D7DE91B9-CE15-4AC4-A79A-20830C23A936}.Debug|Any CPU.ActiveCfg = Debug|Any CPU
		{D7DE91B9-CE15-4AC4-A79A-20830C23A936}.Debug|Any CPU.Build.0 = Debug|Any CPU
		{D7DE91B9-CE15-4AC4-A79A-20830C23A936}.Release|Any CPU.ActiveCfg = Release|Any CPU
		{D7DE91B9-CE15-4AC4-A79A-20830C23A936}.Release|Any CPU.Build.0 = Release|Any CPU
		{8FB0CA47-3C22-4591-B7AA-605C72A3725C}.Debug|Any CPU.ActiveCfg = Debug|Any CPU
		{8FB0CA47-3C22-4591-B7AA-605C72A3725C}.Debug|Any CPU.Build.0 = Debug|Any CPU
		{8FB0CA47-3C22-4591-B7AA-605C72A3725C}.Release|Any CPU.ActiveCfg = Release|Any CPU
		{8FB0CA47-3C22-4591-B7AA-605C72A3725C}.Release|Any CPU.Build.0 = Release|Any CPU
		{8C6266ED-DA7F-45A1-9B14-EF6109B2DDF7}.Debug|Any CPU.ActiveCfg = Debug|Any CPU
		{8C6266ED-DA7F-45A1-9B14-EF6109B2DDF7}.Debug|Any CPU.Build.0 = Debug|Any CPU
		{8C6266ED-DA7F-45A1-9B14-EF6109B2DDF7}.Release|Any CPU.ActiveCfg = Release|Any CPU
		{8C6266ED-DA7F-45A1-9B14-EF6109B2DDF7}.Release|Any CPU.Build.0 = Release|Any CPU
	EndGlobalSection
	GlobalSection(SolutionProperties) = preSolution
		HideSolutionNode = FALSE
	EndGlobalSection
	GlobalSection(ExtensibilityGlobals) = postSolution
		SolutionGuid = {9A9114A9-D8C4-4768-A8E5-9D7A6DA336D0}
	EndGlobalSection
EndGlobal
